// !$*UTF8*$!
{
	archiveVersion = 1;
	classes = {
	};
	objectVersion = 51;
	objects = {

/* Begin PBXBuildFile section */
		16375ACC268D0BA3001D3D6D /* Product.swift in Sources */ = {isa = PBXBuildFile; fileRef = 16375ACB268D0BA3001D3D6D /* Product.swift */; };
		16375AE1268E2F35001D3D6D /* AppEnvironement.swift in Sources */ = {isa = PBXBuildFile; fileRef = 16375AE0268E2F35001D3D6D /* AppEnvironement.swift */; };
		16375AE9268E2F77001D3D6D /* Constants.swift in Sources */ = {isa = PBXBuildFile; fileRef = 16375AE8268E2F77001D3D6D /* Constants.swift */; };
		16375AEE268E2FCE001D3D6D /* Servers.swift in Sources */ = {isa = PBXBuildFile; fileRef = 16375AED268E2FCE001D3D6D /* Servers.swift */; };
		16375AF3268E2FFD001D3D6D /* Service.swift in Sources */ = {isa = PBXBuildFile; fileRef = 16375AF2268E2FFD001D3D6D /* Service.swift */; };
		16375AF8268E3032001D3D6D /* URLRequestBuilder.swift in Sources */ = {isa = PBXBuildFile; fileRef = 16375AF7268E3032001D3D6D /* URLRequestBuilder.swift */; };
		16375AFD268E308E001D3D6D /* ProductsAPI.swift in Sources */ = {isa = PBXBuildFile; fileRef = 16375AFC268E308E001D3D6D /* ProductsAPI.swift */; };
		16375B02268E30B8001D3D6D /* EndPoints.swift in Sources */ = {isa = PBXBuildFile; fileRef = 16375B01268E30B8001D3D6D /* EndPoints.swift */; };
		16439BA4262A0F68005BF5EC /* AppDelegate.swift in Sources */ = {isa = PBXBuildFile; fileRef = 16439BA3262A0F68005BF5EC /* AppDelegate.swift */; };
		16439BA6262A0F68005BF5EC /* SceneDelegate.swift in Sources */ = {isa = PBXBuildFile; fileRef = 16439BA5262A0F68005BF5EC /* SceneDelegate.swift */; };
		16439BA8262A0F68005BF5EC /* HomeViewController.swift in Sources */ = {isa = PBXBuildFile; fileRef = 16439BA7262A0F68005BF5EC /* HomeViewController.swift */; };
		16439BAB262A0F68005BF5EC /* Main.storyboard in Resources */ = {isa = PBXBuildFile; fileRef = 16439BA9262A0F68005BF5EC /* Main.storyboard */; };
		16439BAE262A0F68005BF5EC /* MStoreClone.xcdatamodeld in Sources */ = {isa = PBXBuildFile; fileRef = 16439BAC262A0F68005BF5EC /* MStoreClone.xcdatamodeld */; };
		16439BB0262A0F6A005BF5EC /* Assets.xcassets in Resources */ = {isa = PBXBuildFile; fileRef = 16439BAF262A0F6A005BF5EC /* Assets.xcassets */; };
		16439BB3262A0F6A005BF5EC /* LaunchScreen.storyboard in Resources */ = {isa = PBXBuildFile; fileRef = 16439BB1262A0F6A005BF5EC /* LaunchScreen.storyboard */; };
		16439BBE262A0F6B005BF5EC /* MStoreCloneTests.swift in Sources */ = {isa = PBXBuildFile; fileRef = 16439BBD262A0F6B005BF5EC /* MStoreCloneTests.swift */; };
		16439BC9262A0F6B005BF5EC /* MStoreCloneUITests.swift in Sources */ = {isa = PBXBuildFile; fileRef = 16439BC8262A0F6B005BF5EC /* MStoreCloneUITests.swift */; };
		16439C01262A3C07005BF5EC /* CategoriesListViewModel.swift in Sources */ = {isa = PBXBuildFile; fileRef = 16439C00262A3C07005BF5EC /* CategoriesListViewModel.swift */; };
		16439C09262A3C1C005BF5EC /* ProductsListViewController.swift in Sources */ = {isa = PBXBuildFile; fileRef = 16439C08262A3C1C005BF5EC /* ProductsListViewController.swift */; };
		16439C2B262A3D5E005BF5EC /* AccountViewController.swift in Sources */ = {isa = PBXBuildFile; fileRef = 16439C2A262A3D5E005BF5EC /* AccountViewController.swift */; };
		16439C3A262A3D86005BF5EC /* CartViewController.swift in Sources */ = {isa = PBXBuildFile; fileRef = 16439C39262A3D86005BF5EC /* CartViewController.swift */; };
		16439C49262A3DAF005BF5EC /* SearchViewController.swift in Sources */ = {isa = PBXBuildFile; fileRef = 16439C48262A3DAF005BF5EC /* SearchViewController.swift */; };
		16439C68262B563F005BF5EC /* ProductsListTableViewCell.swift in Sources */ = {isa = PBXBuildFile; fileRef = 16439C67262B563E005BF5EC /* ProductsListTableViewCell.swift */; };
		16439C76262CF0F6005BF5EC /* InfoAccountTableViewCell.swift in Sources */ = {isa = PBXBuildFile; fileRef = 16439C75262CF0F6005BF5EC /* InfoAccountTableViewCell.swift */; };
		16439C7B262CF119005BF5EC /* CurrencyAccountTableViewCell.swift in Sources */ = {isa = PBXBuildFile; fileRef = 16439C7A262CF119005BF5EC /* CurrencyAccountTableViewCell.swift */; };
		16439C83262CF539005BF5EC /* AccountFirstTableViewCell.swift in Sources */ = {isa = PBXBuildFile; fileRef = 16439C82262CF539005BF5EC /* AccountFirstTableViewCell.swift */; };
		16439C88262D0BD8005BF5EC /* IndicatorAccountTableViewCell.swift in Sources */ = {isa = PBXBuildFile; fileRef = 16439C87262D0BD8005BF5EC /* IndicatorAccountTableViewCell.swift */; };
		16DEA308269095A40038DF3D /* Category.swift in Sources */ = {isa = PBXBuildFile; fileRef = 16DEA307269095A40038DF3D /* Category.swift */; };
		16DEA35E26961E2C0038DF3D /* Categories.swift in Sources */ = {isa = PBXBuildFile; fileRef = 16DEA35D26961E2B0038DF3D /* Categories.swift */; };
		28134CCB76435EC018CD24A4 /* Pods_MStoreClone_MStoreCloneUITests.framework in Frameworks */ = {isa = PBXBuildFile; fileRef = 5B670D2193C69F9D069604ED /* Pods_MStoreClone_MStoreCloneUITests.framework */; };
		34061688A79F0BF00482D377 /* Pods_MStoreClone.framework in Frameworks */ = {isa = PBXBuildFile; fileRef = C90D6FB3441B51093DB5D25F /* Pods_MStoreClone.framework */; };
		65A75CFF6C7CB17CE02CAD5D /* Pods_MStoreCloneTests.framework in Frameworks */ = {isa = PBXBuildFile; fileRef = 9CAA839D21E45714F6BCE431 /* Pods_MStoreCloneTests.framework */; };
/* End PBXBuildFile section */

/* Begin PBXContainerItemProxy section */
		16439BBA262A0F6B005BF5EC /* PBXContainerItemProxy */ = {
			isa = PBXContainerItemProxy;
			containerPortal = 16439B98262A0F68005BF5EC /* Project object */;
			proxyType = 1;
			remoteGlobalIDString = 16439B9F262A0F68005BF5EC;
			remoteInfo = MStoreClone;
		};
		16439BC5262A0F6B005BF5EC /* PBXContainerItemProxy */ = {
			isa = PBXContainerItemProxy;
			containerPortal = 16439B98262A0F68005BF5EC /* Project object */;
			proxyType = 1;
			remoteGlobalIDString = 16439B9F262A0F68005BF5EC;
			remoteInfo = MStoreClone;
		};
/* End PBXContainerItemProxy section */

/* Begin PBXFileReference section */
		0033C0EA4705E7BF3906D0E3 /* Pods-MStoreCloneTests.release.xcconfig */ = {isa = PBXFileReference; includeInIndex = 1; lastKnownFileType = text.xcconfig; name = "Pods-MStoreCloneTests.release.xcconfig"; path = "Target Support Files/Pods-MStoreCloneTests/Pods-MStoreCloneTests.release.xcconfig"; sourceTree = "<group>"; };
		098446218AA7BA3A2056348B /* Pods-MStoreClone-MStoreCloneUITests.debug.xcconfig */ = {isa = PBXFileReference; includeInIndex = 1; lastKnownFileType = text.xcconfig; name = "Pods-MStoreClone-MStoreCloneUITests.debug.xcconfig"; path = "Target Support Files/Pods-MStoreClone-MStoreCloneUITests/Pods-MStoreClone-MStoreCloneUITests.debug.xcconfig"; sourceTree = "<group>"; };
		09D167B7A60953DF119F934F /* Pods-MStoreClone.debug.xcconfig */ = {isa = PBXFileReference; includeInIndex = 1; lastKnownFileType = text.xcconfig; name = "Pods-MStoreClone.debug.xcconfig"; path = "Target Support Files/Pods-MStoreClone/Pods-MStoreClone.debug.xcconfig"; sourceTree = "<group>"; };
		16375ACB268D0BA3001D3D6D /* Product.swift */ = {isa = PBXFileReference; lastKnownFileType = sourcecode.swift; path = Product.swift; sourceTree = "<group>"; };
		16375AE0268E2F35001D3D6D /* AppEnvironement.swift */ = {isa = PBXFileReference; lastKnownFileType = sourcecode.swift; path = AppEnvironement.swift; sourceTree = "<group>"; };
		16375AE8268E2F77001D3D6D /* Constants.swift */ = {isa = PBXFileReference; lastKnownFileType = sourcecode.swift; path = Constants.swift; sourceTree = "<group>"; };
		16375AED268E2FCE001D3D6D /* Servers.swift */ = {isa = PBXFileReference; lastKnownFileType = sourcecode.swift; path = Servers.swift; sourceTree = "<group>"; };
		16375AF2268E2FFD001D3D6D /* Service.swift */ = {isa = PBXFileReference; lastKnownFileType = sourcecode.swift; path = Service.swift; sourceTree = "<group>"; };
		16375AF7268E3032001D3D6D /* URLRequestBuilder.swift */ = {isa = PBXFileReference; lastKnownFileType = sourcecode.swift; path = URLRequestBuilder.swift; sourceTree = "<group>"; };
		16375AFC268E308E001D3D6D /* ProductsAPI.swift */ = {isa = PBXFileReference; lastKnownFileType = sourcecode.swift; path = ProductsAPI.swift; sourceTree = "<group>"; };
		16375B01268E30B8001D3D6D /* EndPoints.swift */ = {isa = PBXFileReference; lastKnownFileType = sourcecode.swift; path = EndPoints.swift; sourceTree = "<group>"; };
		16439BA0262A0F68005BF5EC /* MStoreClone.app */ = {isa = PBXFileReference; explicitFileType = wrapper.application; includeInIndex = 0; path = MStoreClone.app; sourceTree = BUILT_PRODUCTS_DIR; };
		16439BA3262A0F68005BF5EC /* AppDelegate.swift */ = {isa = PBXFileReference; lastKnownFileType = sourcecode.swift; path = AppDelegate.swift; sourceTree = "<group>"; };
		16439BA5262A0F68005BF5EC /* SceneDelegate.swift */ = {isa = PBXFileReference; lastKnownFileType = sourcecode.swift; path = SceneDelegate.swift; sourceTree = "<group>"; };
		16439BA7262A0F68005BF5EC /* HomeViewController.swift */ = {isa = PBXFileReference; lastKnownFileType = sourcecode.swift; path = HomeViewController.swift; sourceTree = "<group>"; };
		16439BAA262A0F68005BF5EC /* Base */ = {isa = PBXFileReference; lastKnownFileType = file.storyboard; name = Base; path = Base.lproj/Main.storyboard; sourceTree = "<group>"; };
		16439BAD262A0F68005BF5EC /* MStoreClone.xcdatamodel */ = {isa = PBXFileReference; lastKnownFileType = wrapper.xcdatamodel; path = MStoreClone.xcdatamodel; sourceTree = "<group>"; };
		16439BAF262A0F6A005BF5EC /* Assets.xcassets */ = {isa = PBXFileReference; lastKnownFileType = folder.assetcatalog; path = Assets.xcassets; sourceTree = "<group>"; };
		16439BB2262A0F6A005BF5EC /* Base */ = {isa = PBXFileReference; lastKnownFileType = file.storyboard; name = Base; path = Base.lproj/LaunchScreen.storyboard; sourceTree = "<group>"; };
		16439BB4262A0F6A005BF5EC /* Info.plist */ = {isa = PBXFileReference; lastKnownFileType = text.plist.xml; path = Info.plist; sourceTree = "<group>"; };
		16439BB9262A0F6B005BF5EC /* MStoreCloneTests.xctest */ = {isa = PBXFileReference; explicitFileType = wrapper.cfbundle; includeInIndex = 0; path = MStoreCloneTests.xctest; sourceTree = BUILT_PRODUCTS_DIR; };
		16439BBD262A0F6B005BF5EC /* MStoreCloneTests.swift */ = {isa = PBXFileReference; lastKnownFileType = sourcecode.swift; path = MStoreCloneTests.swift; sourceTree = "<group>"; };
		16439BBF262A0F6B005BF5EC /* Info.plist */ = {isa = PBXFileReference; lastKnownFileType = text.plist.xml; path = Info.plist; sourceTree = "<group>"; };
		16439BC4262A0F6B005BF5EC /* MStoreCloneUITests.xctest */ = {isa = PBXFileReference; explicitFileType = wrapper.cfbundle; includeInIndex = 0; path = MStoreCloneUITests.xctest; sourceTree = BUILT_PRODUCTS_DIR; };
		16439BC8262A0F6B005BF5EC /* MStoreCloneUITests.swift */ = {isa = PBXFileReference; lastKnownFileType = sourcecode.swift; path = MStoreCloneUITests.swift; sourceTree = "<group>"; };
		16439BCA262A0F6B005BF5EC /* Info.plist */ = {isa = PBXFileReference; lastKnownFileType = text.plist.xml; path = Info.plist; sourceTree = "<group>"; };
		16439C00262A3C07005BF5EC /* CategoriesListViewModel.swift */ = {isa = PBXFileReference; lastKnownFileType = sourcecode.swift; path = CategoriesListViewModel.swift; sourceTree = "<group>"; };
		16439C08262A3C1C005BF5EC /* ProductsListViewController.swift */ = {isa = PBXFileReference; lastKnownFileType = sourcecode.swift; path = ProductsListViewController.swift; sourceTree = "<group>"; };
		16439C2A262A3D5E005BF5EC /* AccountViewController.swift */ = {isa = PBXFileReference; lastKnownFileType = sourcecode.swift; path = AccountViewController.swift; sourceTree = "<group>"; };
		16439C39262A3D86005BF5EC /* CartViewController.swift */ = {isa = PBXFileReference; lastKnownFileType = sourcecode.swift; path = CartViewController.swift; sourceTree = "<group>"; };
		16439C48262A3DAF005BF5EC /* SearchViewController.swift */ = {isa = PBXFileReference; lastKnownFileType = sourcecode.swift; path = SearchViewController.swift; sourceTree = "<group>"; };
		16439C67262B563E005BF5EC /* ProductsListTableViewCell.swift */ = {isa = PBXFileReference; lastKnownFileType = sourcecode.swift; path = ProductsListTableViewCell.swift; sourceTree = "<group>"; };
		16439C75262CF0F6005BF5EC /* InfoAccountTableViewCell.swift */ = {isa = PBXFileReference; lastKnownFileType = sourcecode.swift; path = InfoAccountTableViewCell.swift; sourceTree = "<group>"; };
		16439C7A262CF119005BF5EC /* CurrencyAccountTableViewCell.swift */ = {isa = PBXFileReference; lastKnownFileType = sourcecode.swift; path = CurrencyAccountTableViewCell.swift; sourceTree = "<group>"; };
		16439C82262CF539005BF5EC /* AccountFirstTableViewCell.swift */ = {isa = PBXFileReference; fileEncoding = 4; lastKnownFileType = sourcecode.swift; path = AccountFirstTableViewCell.swift; sourceTree = "<group>"; };
		16439C87262D0BD8005BF5EC /* IndicatorAccountTableViewCell.swift */ = {isa = PBXFileReference; lastKnownFileType = sourcecode.swift; path = IndicatorAccountTableViewCell.swift; sourceTree = "<group>"; };
		16DEA307269095A40038DF3D /* Category.swift */ = {isa = PBXFileReference; lastKnownFileType = sourcecode.swift; path = Category.swift; sourceTree = "<group>"; };
		16DEA35D26961E2B0038DF3D /* Categories.swift */ = {isa = PBXFileReference; lastKnownFileType = sourcecode.swift; path = Categories.swift; sourceTree = "<group>"; };
		5B670D2193C69F9D069604ED /* Pods_MStoreClone_MStoreCloneUITests.framework */ = {isa = PBXFileReference; explicitFileType = wrapper.framework; includeInIndex = 0; path = Pods_MStoreClone_MStoreCloneUITests.framework; sourceTree = BUILT_PRODUCTS_DIR; };
		826BE4AE498A25CE280EE635 /* Pods-MStoreCloneTests.debug.xcconfig */ = {isa = PBXFileReference; includeInIndex = 1; lastKnownFileType = text.xcconfig; name = "Pods-MStoreCloneTests.debug.xcconfig"; path = "Target Support Files/Pods-MStoreCloneTests/Pods-MStoreCloneTests.debug.xcconfig"; sourceTree = "<group>"; };
		9CAA839D21E45714F6BCE431 /* Pods_MStoreCloneTests.framework */ = {isa = PBXFileReference; explicitFileType = wrapper.framework; includeInIndex = 0; path = Pods_MStoreCloneTests.framework; sourceTree = BUILT_PRODUCTS_DIR; };
		A6633A69A42ABCA8407D5B6E /* Pods-MStoreClone-MStoreCloneUITests.release.xcconfig */ = {isa = PBXFileReference; includeInIndex = 1; lastKnownFileType = text.xcconfig; name = "Pods-MStoreClone-MStoreCloneUITests.release.xcconfig"; path = "Target Support Files/Pods-MStoreClone-MStoreCloneUITests/Pods-MStoreClone-MStoreCloneUITests.release.xcconfig"; sourceTree = "<group>"; };
		C1108A0243DC61CE764A6D73 /* Pods-MStoreClone.release.xcconfig */ = {isa = PBXFileReference; includeInIndex = 1; lastKnownFileType = text.xcconfig; name = "Pods-MStoreClone.release.xcconfig"; path = "Target Support Files/Pods-MStoreClone/Pods-MStoreClone.release.xcconfig"; sourceTree = "<group>"; };
		C90D6FB3441B51093DB5D25F /* Pods_MStoreClone.framework */ = {isa = PBXFileReference; explicitFileType = wrapper.framework; includeInIndex = 0; path = Pods_MStoreClone.framework; sourceTree = BUILT_PRODUCTS_DIR; };
/* End PBXFileReference section */

/* Begin PBXFrameworksBuildPhase section */
		16439B9D262A0F68005BF5EC /* Frameworks */ = {
			isa = PBXFrameworksBuildPhase;
			buildActionMask = 2147483647;
			files = (
				34061688A79F0BF00482D377 /* Pods_MStoreClone.framework in Frameworks */,
			);
			runOnlyForDeploymentPostprocessing = 0;
		};
		16439BB6262A0F6B005BF5EC /* Frameworks */ = {
			isa = PBXFrameworksBuildPhase;
			buildActionMask = 2147483647;
			files = (
				65A75CFF6C7CB17CE02CAD5D /* Pods_MStoreCloneTests.framework in Frameworks */,
			);
			runOnlyForDeploymentPostprocessing = 0;
		};
		16439BC1262A0F6B005BF5EC /* Frameworks */ = {
			isa = PBXFrameworksBuildPhase;
			buildActionMask = 2147483647;
			files = (
				28134CCB76435EC018CD24A4 /* Pods_MStoreClone_MStoreCloneUITests.framework in Frameworks */,
			);
			runOnlyForDeploymentPostprocessing = 0;
		};
/* End PBXFrameworksBuildPhase section */

/* Begin PBXGroup section */
		16375AAA268CCA7F001D3D6D /* Networking */ = {
			isa = PBXGroup;
			children = (
				16375ADF268E2F21001D3D6D /* Base */,
				16375AFC268E308E001D3D6D /* ProductsAPI.swift */,
				16375B01268E30B8001D3D6D /* EndPoints.swift */,
			);
			path = Networking;
			sourceTree = "<group>";
		};
		16375ACA268D0B8B001D3D6D /* Models */ = {
			isa = PBXGroup;
			children = (
				16375ACB268D0BA3001D3D6D /* Product.swift */,
				16DEA307269095A40038DF3D /* Category.swift */,
				16DEA35D26961E2B0038DF3D /* Categories.swift */,
			);
			path = Models;
			sourceTree = "<group>";
		};
		16375ADF268E2F21001D3D6D /* Base */ = {
			isa = PBXGroup;
			children = (
				16375AE0268E2F35001D3D6D /* AppEnvironement.swift */,
				16375AE8268E2F77001D3D6D /* Constants.swift */,
				16375AED268E2FCE001D3D6D /* Servers.swift */,
				16375AF2268E2FFD001D3D6D /* Service.swift */,
				16375AF7268E3032001D3D6D /* URLRequestBuilder.swift */,
			);
			path = Base;
			sourceTree = "<group>";
		};
		16439B97262A0F68005BF5EC = {
			isa = PBXGroup;
			children = (
				16439BA2262A0F68005BF5EC /* MStoreClone */,
				16439BBC262A0F6B005BF5EC /* MStoreCloneTests */,
				16439BC7262A0F6B005BF5EC /* MStoreCloneUITests */,
				16439BA1262A0F68005BF5EC /* Products */,
				9552BC177D3CC2D53152DBE2 /* Pods */,
				34D97C227ACA2E1A7A3F704D /* Frameworks */,
			);
			sourceTree = "<group>";
		};
		16439BA1262A0F68005BF5EC /* Products */ = {
			isa = PBXGroup;
			children = (
				16439BA0262A0F68005BF5EC /* MStoreClone.app */,
				16439BB9262A0F6B005BF5EC /* MStoreCloneTests.xctest */,
				16439BC4262A0F6B005BF5EC /* MStoreCloneUITests.xctest */,
			);
			name = Products;
			sourceTree = "<group>";
		};
		16439BA2262A0F68005BF5EC /* MStoreClone */ = {
			isa = PBXGroup;
			children = (
				16375AAA268CCA7F001D3D6D /* Networking */,
				16375ACA268D0B8B001D3D6D /* Models */,
				16DEA3772696DC740038DF3D /* ViewModels */,
				16439BE2262A3B1E005BF5EC /* HomeViewController */,
				16439BFC262A3B89005BF5EC /* CategoriesListViewController */,
				16439C13262A3C85005BF5EC /* SearchViewController */,
				16439C14262A3C9A005BF5EC /* CartViewController */,
				16439C15262A3CB9005BF5EC /* AccountViewController */,
				16439BE0262A3AF6005BF5EC /* Storyboard */,
				16439BE1262A3B08005BF5EC /* Resources */,
				16439BDC262A3AE4005BF5EC /* AppDelegate */,
				16439BB4262A0F6A005BF5EC /* Info.plist */,
			);
			path = MStoreClone;
			sourceTree = "<group>";
		};
		16439BBC262A0F6B005BF5EC /* MStoreCloneTests */ = {
			isa = PBXGroup;
			children = (
				16439BBD262A0F6B005BF5EC /* MStoreCloneTests.swift */,
				16439BBF262A0F6B005BF5EC /* Info.plist */,
			);
			path = MStoreCloneTests;
			sourceTree = "<group>";
		};
		16439BC7262A0F6B005BF5EC /* MStoreCloneUITests */ = {
			isa = PBXGroup;
			children = (
				16439BC8262A0F6B005BF5EC /* MStoreCloneUITests.swift */,
				16439BCA262A0F6B005BF5EC /* Info.plist */,
			);
			path = MStoreCloneUITests;
			sourceTree = "<group>";
		};
		16439BDC262A3AE4005BF5EC /* AppDelegate */ = {
			isa = PBXGroup;
			children = (
				16439BA3262A0F68005BF5EC /* AppDelegate.swift */,
				16439BA5262A0F68005BF5EC /* SceneDelegate.swift */,
			);
			path = AppDelegate;
			sourceTree = "<group>";
		};
		16439BE0262A3AF6005BF5EC /* Storyboard */ = {
			isa = PBXGroup;
			children = (
				16439BA9262A0F68005BF5EC /* Main.storyboard */,
				16439BB1262A0F6A005BF5EC /* LaunchScreen.storyboard */,
			);
			path = Storyboard;
			sourceTree = "<group>";
		};
		16439BE1262A3B08005BF5EC /* Resources */ = {
			isa = PBXGroup;
			children = (
				16439BAF262A0F6A005BF5EC /* Assets.xcassets */,
				16439BAC262A0F68005BF5EC /* MStoreClone.xcdatamodeld */,
			);
			path = Resources;
			sourceTree = "<group>";
		};
		16439BE2262A3B1E005BF5EC /* HomeViewController */ = {
			isa = PBXGroup;
			children = (
				16439BE6262A3B34005BF5EC /* View */,
			);
			path = HomeViewController;
			sourceTree = "<group>";
		};
		16439BE6262A3B34005BF5EC /* View */ = {
			isa = PBXGroup;
			children = (
				16439BA7262A0F68005BF5EC /* HomeViewController.swift */,
			);
			path = View;
			sourceTree = "<group>";
		};
		16439BFC262A3B89005BF5EC /* CategoriesListViewController */ = {
			isa = PBXGroup;
			children = (
				16439BFE262A3BBC005BF5EC /* View */,
			);
			path = CategoriesListViewController;
			sourceTree = "<group>";
		};
		16439BFE262A3BBC005BF5EC /* View */ = {
			isa = PBXGroup;
			children = (
				16439C08262A3C1C005BF5EC /* ProductsListViewController.swift */,
				16DEA3782696DCAB0038DF3D /* Cells */,
			);
			path = View;
			sourceTree = "<group>";
		};
		16439BFF262A3BC2005BF5EC /* CategoriesListViewModel */ = {
			isa = PBXGroup;
			children = (
				16439C00262A3C07005BF5EC /* CategoriesListViewModel.swift */,
			);
			path = CategoriesListViewModel;
			sourceTree = "<group>";
		};
		16439C13262A3C85005BF5EC /* SearchViewController */ = {
			isa = PBXGroup;
			children = (
				16439C1D262A3D20005BF5EC /* View */,
			);
			path = SearchViewController;
			sourceTree = "<group>";
		};
		16439C14262A3C9A005BF5EC /* CartViewController */ = {
			isa = PBXGroup;
			children = (
				16439C1A262A3D09005BF5EC /* View */,
			);
			path = CartViewController;
			sourceTree = "<group>";
		};
		16439C15262A3CB9005BF5EC /* AccountViewController */ = {
			isa = PBXGroup;
			children = (
				16439C16262A3CD4005BF5EC /* View */,
			);
			path = AccountViewController;
			sourceTree = "<group>";
		};
		16439C16262A3CD4005BF5EC /* View */ = {
			isa = PBXGroup;
			children = (
				16439C6C262CE95E005BF5EC /* Cells */,
				16439C2A262A3D5E005BF5EC /* AccountViewController.swift */,
			);
			path = View;
			sourceTree = "<group>";
		};
		16439C1A262A3D09005BF5EC /* View */ = {
			isa = PBXGroup;
			children = (
				16439C39262A3D86005BF5EC /* CartViewController.swift */,
			);
			path = View;
			sourceTree = "<group>";
		};
		16439C1D262A3D20005BF5EC /* View */ = {
			isa = PBXGroup;
			children = (
				16439C48262A3DAF005BF5EC /* SearchViewController.swift */,
			);
			path = View;
			sourceTree = "<group>";
		};
		16439C6C262CE95E005BF5EC /* Cells */ = {
			isa = PBXGroup;
			children = (
				16439C82262CF539005BF5EC /* AccountFirstTableViewCell.swift */,
				16439C75262CF0F6005BF5EC /* InfoAccountTableViewCell.swift */,
				16439C7A262CF119005BF5EC /* CurrencyAccountTableViewCell.swift */,
				16439C87262D0BD8005BF5EC /* IndicatorAccountTableViewCell.swift */,
			);
			path = Cells;
			sourceTree = "<group>";
		};
		16DEA3772696DC740038DF3D /* ViewModels */ = {
			isa = PBXGroup;
			children = (
				16439BFF262A3BC2005BF5EC /* CategoriesListViewModel */,
			);
			path = ViewModels;
			sourceTree = "<group>";
		};
		16DEA3782696DCAB0038DF3D /* Cells */ = {
			isa = PBXGroup;
			children = (
				16439C67262B563E005BF5EC /* ProductsListTableViewCell.swift */,
			);
			path = Cells;
			sourceTree = "<group>";
		};
		34D97C227ACA2E1A7A3F704D /* Frameworks */ = {
			isa = PBXGroup;
			children = (
				C90D6FB3441B51093DB5D25F /* Pods_MStoreClone.framework */,
				5B670D2193C69F9D069604ED /* Pods_MStoreClone_MStoreCloneUITests.framework */,
				9CAA839D21E45714F6BCE431 /* Pods_MStoreCloneTests.framework */,
			);
			name = Frameworks;
			sourceTree = "<group>";
		};
		9552BC177D3CC2D53152DBE2 /* Pods */ = {
			isa = PBXGroup;
			children = (
				09D167B7A60953DF119F934F /* Pods-MStoreClone.debug.xcconfig */,
				C1108A0243DC61CE764A6D73 /* Pods-MStoreClone.release.xcconfig */,
				098446218AA7BA3A2056348B /* Pods-MStoreClone-MStoreCloneUITests.debug.xcconfig */,
				A6633A69A42ABCA8407D5B6E /* Pods-MStoreClone-MStoreCloneUITests.release.xcconfig */,
				826BE4AE498A25CE280EE635 /* Pods-MStoreCloneTests.debug.xcconfig */,
				0033C0EA4705E7BF3906D0E3 /* Pods-MStoreCloneTests.release.xcconfig */,
			);
			path = Pods;
			sourceTree = "<group>";
		};
/* End PBXGroup section */

/* Begin PBXNativeTarget section */
		16439B9F262A0F68005BF5EC /* MStoreClone */ = {
			isa = PBXNativeTarget;
			buildConfigurationList = 16439BCD262A0F6B005BF5EC /* Build configuration list for PBXNativeTarget "MStoreClone" */;
			buildPhases = (
				3CA24CDAF6926DC6479FC117 /* [CP] Check Pods Manifest.lock */,
				16439B9C262A0F68005BF5EC /* Sources */,
				16439B9D262A0F68005BF5EC /* Frameworks */,
				16439B9E262A0F68005BF5EC /* Resources */,
				314DA749B90FA79DC8D063C0 /* [CP] Embed Pods Frameworks */,
			);
			buildRules = (
			);
			dependencies = (
			);
			name = MStoreClone;
			productName = MStoreClone;
			productReference = 16439BA0262A0F68005BF5EC /* MStoreClone.app */;
			productType = "com.apple.product-type.application";
		};
		16439BB8262A0F6B005BF5EC /* MStoreCloneTests */ = {
			isa = PBXNativeTarget;
			buildConfigurationList = 16439BD0262A0F6B005BF5EC /* Build configuration list for PBXNativeTarget "MStoreCloneTests" */;
			buildPhases = (
				A1ADE05BB7E96170BD503832 /* [CP] Check Pods Manifest.lock */,
				16439BB5262A0F6B005BF5EC /* Sources */,
				16439BB6262A0F6B005BF5EC /* Frameworks */,
				16439BB7262A0F6B005BF5EC /* Resources */,
			);
			buildRules = (
			);
			dependencies = (
				16439BBB262A0F6B005BF5EC /* PBXTargetDependency */,
			);
			name = MStoreCloneTests;
			productName = MStoreCloneTests;
			productReference = 16439BB9262A0F6B005BF5EC /* MStoreCloneTests.xctest */;
			productType = "com.apple.product-type.bundle.unit-test";
		};
		16439BC3262A0F6B005BF5EC /* MStoreCloneUITests */ = {
			isa = PBXNativeTarget;
			buildConfigurationList = 16439BD3262A0F6B005BF5EC /* Build configuration list for PBXNativeTarget "MStoreCloneUITests" */;
			buildPhases = (
				EDE6D2758E529532127A3DA8 /* [CP] Check Pods Manifest.lock */,
				16439BC0262A0F6B005BF5EC /* Sources */,
				16439BC1262A0F6B005BF5EC /* Frameworks */,
				16439BC2262A0F6B005BF5EC /* Resources */,
				213AB270C445E8C55D3EF3BE /* [CP] Embed Pods Frameworks */,
			);
			buildRules = (
			);
			dependencies = (
				16439BC6262A0F6B005BF5EC /* PBXTargetDependency */,
			);
			name = MStoreCloneUITests;
			productName = MStoreCloneUITests;
			productReference = 16439BC4262A0F6B005BF5EC /* MStoreCloneUITests.xctest */;
			productType = "com.apple.product-type.bundle.ui-testing";
		};
/* End PBXNativeTarget section */

/* Begin PBXProject section */
		16439B98262A0F68005BF5EC /* Project object */ = {
			isa = PBXProject;
			attributes = {
				LastSwiftUpdateCheck = 1220;
				LastUpgradeCheck = 1220;
				TargetAttributes = {
					16439B9F262A0F68005BF5EC = {
						CreatedOnToolsVersion = 12.2;
					};
					16439BB8262A0F6B005BF5EC = {
						CreatedOnToolsVersion = 12.2;
						TestTargetID = 16439B9F262A0F68005BF5EC;
					};
					16439BC3262A0F6B005BF5EC = {
						CreatedOnToolsVersion = 12.2;
						TestTargetID = 16439B9F262A0F68005BF5EC;
					};
				};
			};
			buildConfigurationList = 16439B9B262A0F68005BF5EC /* Build configuration list for PBXProject "MStoreClone" */;
			compatibilityVersion = "Xcode 9.3";
			developmentRegion = en;
			hasScannedForEncodings = 0;
			knownRegions = (
				en,
				Base,
			);
			mainGroup = 16439B97262A0F68005BF5EC;
			productRefGroup = 16439BA1262A0F68005BF5EC /* Products */;
			projectDirPath = "";
			projectRoot = "";
			targets = (
				16439B9F262A0F68005BF5EC /* MStoreClone */,
				16439BB8262A0F6B005BF5EC /* MStoreCloneTests */,
				16439BC3262A0F6B005BF5EC /* MStoreCloneUITests */,
			);
		};
/* End PBXProject section */

/* Begin PBXResourcesBuildPhase section */
		16439B9E262A0F68005BF5EC /* Resources */ = {
			isa = PBXResourcesBuildPhase;
			buildActionMask = 2147483647;
			files = (
				16439BB3262A0F6A005BF5EC /* LaunchScreen.storyboard in Resources */,
				16439BB0262A0F6A005BF5EC /* Assets.xcassets in Resources */,
				16439BAB262A0F68005BF5EC /* Main.storyboard in Resources */,
			);
			runOnlyForDeploymentPostprocessing = 0;
		};
		16439BB7262A0F6B005BF5EC /* Resources */ = {
			isa = PBXResourcesBuildPhase;
			buildActionMask = 2147483647;
			files = (
			);
			runOnlyForDeploymentPostprocessing = 0;
		};
		16439BC2262A0F6B005BF5EC /* Resources */ = {
			isa = PBXResourcesBuildPhase;
			buildActionMask = 2147483647;
			files = (
			);
			runOnlyForDeploymentPostprocessing = 0;
		};
/* End PBXResourcesBuildPhase section */

/* Begin PBXShellScriptBuildPhase section */
		213AB270C445E8C55D3EF3BE /* [CP] Embed Pods Frameworks */ = {
			isa = PBXShellScriptBuildPhase;
			buildActionMask = 2147483647;
			files = (
			);
			inputFileListPaths = (
				"${PODS_ROOT}/Target Support Files/Pods-MStoreClone-MStoreCloneUITests/Pods-MStoreClone-MStoreCloneUITests-frameworks-${CONFIGURATION}-input-files.xcfilelist",
			);
			name = "[CP] Embed Pods Frameworks";
			outputFileListPaths = (
				"${PODS_ROOT}/Target Support Files/Pods-MStoreClone-MStoreCloneUITests/Pods-MStoreClone-MStoreCloneUITests-frameworks-${CONFIGURATION}-output-files.xcfilelist",
			);
			runOnlyForDeploymentPostprocessing = 0;
			shellPath = /bin/sh;
			shellScript = "\"${PODS_ROOT}/Target Support Files/Pods-MStoreClone-MStoreCloneUITests/Pods-MStoreClone-MStoreCloneUITests-frameworks.sh\"\n";
			showEnvVarsInLog = 0;
		};
		314DA749B90FA79DC8D063C0 /* [CP] Embed Pods Frameworks */ = {
			isa = PBXShellScriptBuildPhase;
			buildActionMask = 2147483647;
			files = (
			);
			inputFileListPaths = (
				"${PODS_ROOT}/Target Support Files/Pods-MStoreClone/Pods-MStoreClone-frameworks-${CONFIGURATION}-input-files.xcfilelist",
			);
			name = "[CP] Embed Pods Frameworks";
			outputFileListPaths = (
				"${PODS_ROOT}/Target Support Files/Pods-MStoreClone/Pods-MStoreClone-frameworks-${CONFIGURATION}-output-files.xcfilelist",
			);
			runOnlyForDeploymentPostprocessing = 0;
			shellPath = /bin/sh;
			shellScript = "\"${PODS_ROOT}/Target Support Files/Pods-MStoreClone/Pods-MStoreClone-frameworks.sh\"\n";
			showEnvVarsInLog = 0;
		};
		3CA24CDAF6926DC6479FC117 /* [CP] Check Pods Manifest.lock */ = {
			isa = PBXShellScriptBuildPhase;
			buildActionMask = 2147483647;
			files = (
			);
			inputFileListPaths = (
			);
			inputPaths = (
				"${PODS_PODFILE_DIR_PATH}/Podfile.lock",
				"${PODS_ROOT}/Manifest.lock",
			);
			name = "[CP] Check Pods Manifest.lock";
			outputFileListPaths = (
			);
			outputPaths = (
				"$(DERIVED_FILE_DIR)/Pods-MStoreClone-checkManifestLockResult.txt",
			);
			runOnlyForDeploymentPostprocessing = 0;
			shellPath = /bin/sh;
			shellScript = "diff \"${PODS_PODFILE_DIR_PATH}/Podfile.lock\" \"${PODS_ROOT}/Manifest.lock\" > /dev/null\nif [ $? != 0 ] ; then\n    # print error to STDERR\n    echo \"error: The sandbox is not in sync with the Podfile.lock. Run 'pod install' or update your CocoaPods installation.\" >&2\n    exit 1\nfi\n# This output is used by Xcode 'outputs' to avoid re-running this script phase.\necho \"SUCCESS\" > \"${SCRIPT_OUTPUT_FILE_0}\"\n";
			showEnvVarsInLog = 0;
		};
		A1ADE05BB7E96170BD503832 /* [CP] Check Pods Manifest.lock */ = {
			isa = PBXShellScriptBuildPhase;
			buildActionMask = 2147483647;
			files = (
			);
			inputFileListPaths = (
			);
			inputPaths = (
				"${PODS_PODFILE_DIR_PATH}/Podfile.lock",
				"${PODS_ROOT}/Manifest.lock",
			);
			name = "[CP] Check Pods Manifest.lock";
			outputFileListPaths = (
			);
			outputPaths = (
				"$(DERIVED_FILE_DIR)/Pods-MStoreCloneTests-checkManifestLockResult.txt",
			);
			runOnlyForDeploymentPostprocessing = 0;
			shellPath = /bin/sh;
			shellScript = "diff \"${PODS_PODFILE_DIR_PATH}/Podfile.lock\" \"${PODS_ROOT}/Manifest.lock\" > /dev/null\nif [ $? != 0 ] ; then\n    # print error to STDERR\n    echo \"error: The sandbox is not in sync with the Podfile.lock. Run 'pod install' or update your CocoaPods installation.\" >&2\n    exit 1\nfi\n# This output is used by Xcode 'outputs' to avoid re-running this script phase.\necho \"SUCCESS\" > \"${SCRIPT_OUTPUT_FILE_0}\"\n";
			showEnvVarsInLog = 0;
		};
		EDE6D2758E529532127A3DA8 /* [CP] Check Pods Manifest.lock */ = {
			isa = PBXShellScriptBuildPhase;
			buildActionMask = 2147483647;
			files = (
			);
			inputFileListPaths = (
			);
			inputPaths = (
				"${PODS_PODFILE_DIR_PATH}/Podfile.lock",
				"${PODS_ROOT}/Manifest.lock",
			);
			name = "[CP] Check Pods Manifest.lock";
			outputFileListPaths = (
			);
			outputPaths = (
				"$(DERIVED_FILE_DIR)/Pods-MStoreClone-MStoreCloneUITests-checkManifestLockResult.txt",
			);
			runOnlyForDeploymentPostprocessing = 0;
			shellPath = /bin/sh;
			shellScript = "diff \"${PODS_PODFILE_DIR_PATH}/Podfile.lock\" \"${PODS_ROOT}/Manifest.lock\" > /dev/null\nif [ $? != 0 ] ; then\n    # print error to STDERR\n    echo \"error: The sandbox is not in sync with the Podfile.lock. Run 'pod install' or update your CocoaPods installation.\" >&2\n    exit 1\nfi\n# This output is used by Xcode 'outputs' to avoid re-running this script phase.\necho \"SUCCESS\" > \"${SCRIPT_OUTPUT_FILE_0}\"\n";
			showEnvVarsInLog = 0;
		};
/* End PBXShellScriptBuildPhase section */

/* Begin PBXSourcesBuildPhase section */
		16439B9C262A0F68005BF5EC /* Sources */ = {
			isa = PBXSourcesBuildPhase;
			buildActionMask = 2147483647;
			files = (
				16439C83262CF539005BF5EC /* AccountFirstTableViewCell.swift in Sources */,
				16439C68262B563F005BF5EC /* ProductsListTableViewCell.swift in Sources */,
				16375AFD268E308E001D3D6D /* ProductsAPI.swift in Sources */,
				16375AE9268E2F77001D3D6D /* Constants.swift in Sources */,
				16439C3A262A3D86005BF5EC /* CartViewController.swift in Sources */,
				16439C76262CF0F6005BF5EC /* InfoAccountTableViewCell.swift in Sources */,
				16439C49262A3DAF005BF5EC /* SearchViewController.swift in Sources */,
				16439BA8262A0F68005BF5EC /* HomeViewController.swift in Sources */,
				16439BA4262A0F68005BF5EC /* AppDelegate.swift in Sources */,
				16375AF8268E3032001D3D6D /* URLRequestBuilder.swift in Sources */,
				16DEA35E26961E2C0038DF3D /* Categories.swift in Sources */,
				16375ACC268D0BA3001D3D6D /* Product.swift in Sources */,
				16439BA6262A0F68005BF5EC /* SceneDelegate.swift in Sources */,
				16439C7B262CF119005BF5EC /* CurrencyAccountTableViewCell.swift in Sources */,
				16375AEE268E2FCE001D3D6D /* Servers.swift in Sources */,
				16439C09262A3C1C005BF5EC /* ProductsListViewController.swift in Sources */,
				16439BAE262A0F68005BF5EC /* MStoreClone.xcdatamodeld in Sources */,
				16DEA308269095A40038DF3D /* Category.swift in Sources */,
				16439C88262D0BD8005BF5EC /* IndicatorAccountTableViewCell.swift in Sources */,
				16375AF3268E2FFD001D3D6D /* Service.swift in Sources */,
				16375AE1268E2F35001D3D6D /* AppEnvironement.swift in Sources */,
				16439C01262A3C07005BF5EC /* CategoriesListViewModel.swift in Sources */,
				16375B02268E30B8001D3D6D /* EndPoints.swift in Sources */,
				16439C2B262A3D5E005BF5EC /* AccountViewController.swift in Sources */,
			);
			runOnlyForDeploymentPostprocessing = 0;
		};
		16439BB5262A0F6B005BF5EC /* Sources */ = {
			isa = PBXSourcesBuildPhase;
			buildActionMask = 2147483647;
			files = (
				16439BBE262A0F6B005BF5EC /* MStoreCloneTests.swift in Sources */,
			);
			runOnlyForDeploymentPostprocessing = 0;
		};
		16439BC0262A0F6B005BF5EC /* Sources */ = {
			isa = PBXSourcesBuildPhase;
			buildActionMask = 2147483647;
			files = (
				16439BC9262A0F6B005BF5EC /* MStoreCloneUITests.swift in Sources */,
			);
			runOnlyForDeploymentPostprocessing = 0;
		};
/* End PBXSourcesBuildPhase section */

/* Begin PBXTargetDependency section */
		16439BBB262A0F6B005BF5EC /* PBXTargetDependency */ = {
			isa = PBXTargetDependency;
			target = 16439B9F262A0F68005BF5EC /* MStoreClone */;
			targetProxy = 16439BBA262A0F6B005BF5EC /* PBXContainerItemProxy */;
		};
		16439BC6262A0F6B005BF5EC /* PBXTargetDependency */ = {
			isa = PBXTargetDependency;
			target = 16439B9F262A0F68005BF5EC /* MStoreClone */;
			targetProxy = 16439BC5262A0F6B005BF5EC /* PBXContainerItemProxy */;
		};
/* End PBXTargetDependency section */

/* Begin PBXVariantGroup section */
		16439BA9262A0F68005BF5EC /* Main.storyboard */ = {
			isa = PBXVariantGroup;
			children = (
				16439BAA262A0F68005BF5EC /* Base */,
			);
			name = Main.storyboard;
			sourceTree = "<group>";
		};
		16439BB1262A0F6A005BF5EC /* LaunchScreen.storyboard */ = {
			isa = PBXVariantGroup;
			children = (
				16439BB2262A0F6A005BF5EC /* Base */,
			);
			name = LaunchScreen.storyboard;
			sourceTree = "<group>";
		};
/* End PBXVariantGroup section */

/* Begin XCBuildConfiguration section */
		16439BCB262A0F6B005BF5EC /* Debug */ = {
			isa = XCBuildConfiguration;
			buildSettings = {
				ALWAYS_SEARCH_USER_PATHS = NO;
				CLANG_ANALYZER_NONNULL = YES;
				CLANG_ANALYZER_NUMBER_OBJECT_CONVERSION = YES_AGGRESSIVE;
				CLANG_CXX_LANGUAGE_STANDARD = "gnu++14";
				CLANG_CXX_LIBRARY = "libc++";
				CLANG_ENABLE_MODULES = YES;
				CLANG_ENABLE_OBJC_ARC = YES;
				CLANG_ENABLE_OBJC_WEAK = YES;
				CLANG_WARN_BLOCK_CAPTURE_AUTORELEASING = YES;
				CLANG_WARN_BOOL_CONVERSION = YES;
				CLANG_WARN_COMMA = YES;
				CLANG_WARN_CONSTANT_CONVERSION = YES;
				CLANG_WARN_DEPRECATED_OBJC_IMPLEMENTATIONS = YES;
				CLANG_WARN_DIRECT_OBJC_ISA_USAGE = YES_ERROR;
				CLANG_WARN_DOCUMENTATION_COMMENTS = YES;
				CLANG_WARN_EMPTY_BODY = YES;
				CLANG_WARN_ENUM_CONVERSION = YES;
				CLANG_WARN_INFINITE_RECURSION = YES;
				CLANG_WARN_INT_CONVERSION = YES;
				CLANG_WARN_NON_LITERAL_NULL_CONVERSION = YES;
				CLANG_WARN_OBJC_IMPLICIT_RETAIN_SELF = YES;
				CLANG_WARN_OBJC_LITERAL_CONVERSION = YES;
				CLANG_WARN_OBJC_ROOT_CLASS = YES_ERROR;
				CLANG_WARN_QUOTED_INCLUDE_IN_FRAMEWORK_HEADER = YES;
				CLANG_WARN_RANGE_LOOP_ANALYSIS = YES;
				CLANG_WARN_STRICT_PROTOTYPES = YES;
				CLANG_WARN_SUSPICIOUS_MOVE = YES;
				CLANG_WARN_UNGUARDED_AVAILABILITY = YES_AGGRESSIVE;
				CLANG_WARN_UNREACHABLE_CODE = YES;
				CLANG_WARN__DUPLICATE_METHOD_MATCH = YES;
				COPY_PHASE_STRIP = NO;
				DEBUG_INFORMATION_FORMAT = dwarf;
				ENABLE_STRICT_OBJC_MSGSEND = YES;
				ENABLE_TESTABILITY = YES;
				GCC_C_LANGUAGE_STANDARD = gnu11;
				GCC_DYNAMIC_NO_PIC = NO;
				GCC_NO_COMMON_BLOCKS = YES;
				GCC_OPTIMIZATION_LEVEL = 0;
				GCC_PREPROCESSOR_DEFINITIONS = (
					"DEBUG=1",
					"$(inherited)",
				);
				GCC_WARN_64_TO_32_BIT_CONVERSION = YES;
				GCC_WARN_ABOUT_RETURN_TYPE = YES_ERROR;
				GCC_WARN_UNDECLARED_SELECTOR = YES;
				GCC_WARN_UNINITIALIZED_AUTOS = YES_AGGRESSIVE;
				GCC_WARN_UNUSED_FUNCTION = YES;
				GCC_WARN_UNUSED_VARIABLE = YES;
				IPHONEOS_DEPLOYMENT_TARGET = 14.2;
				MTL_ENABLE_DEBUG_INFO = INCLUDE_SOURCE;
				MTL_FAST_MATH = YES;
				ONLY_ACTIVE_ARCH = YES;
				SDKROOT = iphoneos;
				SWIFT_ACTIVE_COMPILATION_CONDITIONS = DEBUG;
				SWIFT_OPTIMIZATION_LEVEL = "-Onone";
			};
			name = Debug;
		};
		16439BCC262A0F6B005BF5EC /* Release */ = {
			isa = XCBuildConfiguration;
			buildSettings = {
				ALWAYS_SEARCH_USER_PATHS = NO;
				CLANG_ANALYZER_NONNULL = YES;
				CLANG_ANALYZER_NUMBER_OBJECT_CONVERSION = YES_AGGRESSIVE;
				CLANG_CXX_LANGUAGE_STANDARD = "gnu++14";
				CLANG_CXX_LIBRARY = "libc++";
				CLANG_ENABLE_MODULES = YES;
				CLANG_ENABLE_OBJC_ARC = YES;
				CLANG_ENABLE_OBJC_WEAK = YES;
				CLANG_WARN_BLOCK_CAPTURE_AUTORELEASING = YES;
				CLANG_WARN_BOOL_CONVERSION = YES;
				CLANG_WARN_COMMA = YES;
				CLANG_WARN_CONSTANT_CONVERSION = YES;
				CLANG_WARN_DEPRECATED_OBJC_IMPLEMENTATIONS = YES;
				CLANG_WARN_DIRECT_OBJC_ISA_USAGE = YES_ERROR;
				CLANG_WARN_DOCUMENTATION_COMMENTS = YES;
				CLANG_WARN_EMPTY_BODY = YES;
				CLANG_WARN_ENUM_CONVERSION = YES;
				CLANG_WARN_INFINITE_RECURSION = YES;
				CLANG_WARN_INT_CONVERSION = YES;
				CLANG_WARN_NON_LITERAL_NULL_CONVERSION = YES;
				CLANG_WARN_OBJC_IMPLICIT_RETAIN_SELF = YES;
				CLANG_WARN_OBJC_LITERAL_CONVERSION = YES;
				CLANG_WARN_OBJC_ROOT_CLASS = YES_ERROR;
				CLANG_WARN_QUOTED_INCLUDE_IN_FRAMEWORK_HEADER = YES;
				CLANG_WARN_RANGE_LOOP_ANALYSIS = YES;
				CLANG_WARN_STRICT_PROTOTYPES = YES;
				CLANG_WARN_SUSPICIOUS_MOVE = YES;
				CLANG_WARN_UNGUARDED_AVAILABILITY = YES_AGGRESSIVE;
				CLANG_WARN_UNREACHABLE_CODE = YES;
				CLANG_WARN__DUPLICATE_METHOD_MATCH = YES;
				COPY_PHASE_STRIP = NO;
				DEBUG_INFORMATION_FORMAT = "dwarf-with-dsym";
				ENABLE_NS_ASSERTIONS = NO;
				ENABLE_STRICT_OBJC_MSGSEND = YES;
				GCC_C_LANGUAGE_STANDARD = gnu11;
				GCC_NO_COMMON_BLOCKS = YES;
				GCC_WARN_64_TO_32_BIT_CONVERSION = YES;
				GCC_WARN_ABOUT_RETURN_TYPE = YES_ERROR;
				GCC_WARN_UNDECLARED_SELECTOR = YES;
				GCC_WARN_UNINITIALIZED_AUTOS = YES_AGGRESSIVE;
				GCC_WARN_UNUSED_FUNCTION = YES;
				GCC_WARN_UNUSED_VARIABLE = YES;
				IPHONEOS_DEPLOYMENT_TARGET = 14.2;
				MTL_ENABLE_DEBUG_INFO = NO;
				MTL_FAST_MATH = YES;
				SDKROOT = iphoneos;
				SWIFT_COMPILATION_MODE = wholemodule;
				SWIFT_OPTIMIZATION_LEVEL = "-O";
				VALIDATE_PRODUCT = YES;
			};
			name = Release;
		};
		16439BCE262A0F6B005BF5EC /* Debug */ = {
			isa = XCBuildConfiguration;
			baseConfigurationReference = 09D167B7A60953DF119F934F /* Pods-MStoreClone.debug.xcconfig */;
			buildSettings = {
				ASSETCATALOG_COMPILER_APPICON_NAME = AppIcon;
				ASSETCATALOG_COMPILER_GLOBAL_ACCENT_COLOR_NAME = AccentColor;
				CODE_SIGN_STYLE = Automatic;
				DEVELOPMENT_TEAM = KF6D478446;
				INFOPLIST_FILE = MStoreClone/Info.plist;
				LD_RUNPATH_SEARCH_PATHS = (
					"$(inherited)",
					"@executable_path/Frameworks",
				);
				PRODUCT_BUNDLE_IDENTIFIER = com.Morsy.MStoreClone;
				PRODUCT_NAME = "$(TARGET_NAME)";
				SWIFT_VERSION = 5.0;
				TARGETED_DEVICE_FAMILY = "1,2";
			};
			name = Debug;
		};
		16439BCF262A0F6B005BF5EC /* Release */ = {
			isa = XCBuildConfiguration;
			baseConfigurationReference = C1108A0243DC61CE764A6D73 /* Pods-MStoreClone.release.xcconfig */;
			buildSettings = {
				ASSETCATALOG_COMPILER_APPICON_NAME = AppIcon;
				ASSETCATALOG_COMPILER_GLOBAL_ACCENT_COLOR_NAME = AccentColor;
				CODE_SIGN_STYLE = Automatic;
				DEVELOPMENT_TEAM = KF6D478446;
				INFOPLIST_FILE = MStoreClone/Info.plist;
				LD_RUNPATH_SEARCH_PATHS = (
					"$(inherited)",
					"@executable_path/Frameworks",
				);
				PRODUCT_BUNDLE_IDENTIFIER = com.Morsy.MStoreClone;
				PRODUCT_NAME = "$(TARGET_NAME)";
				SWIFT_VERSION = 5.0;
				TARGETED_DEVICE_FAMILY = "1,2";
			};
			name = Release;
		};
		16439BD1262A0F6B005BF5EC /* Debug */ = {
			isa = XCBuildConfiguration;
			baseConfigurationReference = 826BE4AE498A25CE280EE635 /* Pods-MStoreCloneTests.debug.xcconfig */;
			buildSettings = {
				ALWAYS_EMBED_SWIFT_STANDARD_LIBRARIES = YES;
				BUNDLE_LOADER = "$(TEST_HOST)";
				CODE_SIGN_STYLE = Automatic;
				DEVELOPMENT_TEAM = KF6D478446;
				INFOPLIST_FILE = MStoreCloneTests/Info.plist;
				IPHONEOS_DEPLOYMENT_TARGET = 14.2;
				LD_RUNPATH_SEARCH_PATHS = (
					"$(inherited)",
					"@executable_path/Frameworks",
					"@loader_path/Frameworks",
				);
				PRODUCT_BUNDLE_IDENTIFIER = com.Morsy.MStoreCloneTests;
				PRODUCT_NAME = "$(TARGET_NAME)";
				SWIFT_VERSION = 5.0;
				TARGETED_DEVICE_FAMILY = "1,2";
				TEST_HOST = "$(BUILT_PRODUCTS_DIR)/MStoreClone.app/MStoreClone";
			};
			name = Debug;
		};
		16439BD2262A0F6B005BF5EC /* Release */ = {
			isa = XCBuildConfiguration;
			baseConfigurationReference = 0033C0EA4705E7BF3906D0E3 /* Pods-MStoreCloneTests.release.xcconfig */;
			buildSettings = {
				ALWAYS_EMBED_SWIFT_STANDARD_LIBRARIES = YES;
				BUNDLE_LOADER = "$(TEST_HOST)";
				CODE_SIGN_STYLE = Automatic;
				DEVELOPMENT_TEAM = KF6D478446;
				INFOPLIST_FILE = MStoreCloneTests/Info.plist;
				IPHONEOS_DEPLOYMENT_TARGET = 14.2;
				LD_RUNPATH_SEARCH_PATHS = (
					"$(inherited)",
					"@executable_path/Frameworks",
					"@loader_path/Frameworks",
				);
				PRODUCT_BUNDLE_IDENTIFIER = com.Morsy.MStoreCloneTests;
				PRODUCT_NAME = "$(TARGET_NAME)";
				SWIFT_VERSION = 5.0;
				TARGETED_DEVICE_FAMILY = "1,2";
				TEST_HOST = "$(BUILT_PRODUCTS_DIR)/MStoreClone.app/MStoreClone";
			};
			name = Release;
		};
		16439BD4262A0F6B005BF5EC /* Debug */ = {
			isa = XCBuildConfiguration;
			baseConfigurationReference = 098446218AA7BA3A2056348B /* Pods-MStoreClone-MStoreCloneUITests.debug.xcconfig */;
			buildSettings = {
				ALWAYS_EMBED_SWIFT_STANDARD_LIBRARIES = YES;
				CODE_SIGN_STYLE = Automatic;
				DEVELOPMENT_TEAM = KF6D478446;
				INFOPLIST_FILE = MStoreCloneUITests/Info.plist;
				LD_RUNPATH_SEARCH_PATHS = (
					"$(inherited)",
					"@executable_path/Frameworks",
					"@loader_path/Frameworks",
				);
				PRODUCT_BUNDLE_IDENTIFIER = com.Morsy.MStoreCloneUITests;
				PRODUCT_NAME = "$(TARGET_NAME)";
				SWIFT_VERSION = 5.0;
				TARGETED_DEVICE_FAMILY = "1,2";
				TEST_TARGET_NAME = MStoreClone;
			};
			name = Debug;
		};
		16439BD5262A0F6B005BF5EC /* Release */ = {
			isa = XCBuildConfiguration;
			baseConfigurationReference = A6633A69A42ABCA8407D5B6E /* Pods-MStoreClone-MStoreCloneUITests.release.xcconfig */;
			buildSettings = {
				ALWAYS_EMBED_SWIFT_STANDARD_LIBRARIES = YES;
				CODE_SIGN_STYLE = Automatic;
				DEVELOPMENT_TEAM = KF6D478446;
				INFOPLIST_FILE = MStoreCloneUITests/Info.plist;
				LD_RUNPATH_SEARCH_PATHS = (
					"$(inherited)",
					"@executable_path/Frameworks",
					"@loader_path/Frameworks",
				);
				PRODUCT_BUNDLE_IDENTIFIER = com.Morsy.MStoreCloneUITests;
				PRODUCT_NAME = "$(TARGET_NAME)";
				SWIFT_VERSION = 5.0;
				TARGETED_DEVICE_FAMILY = "1,2";
				TEST_TARGET_NAME = MStoreClone;
			};
			name = Release;
		};
/* End XCBuildConfiguration section */

/* Begin XCConfigurationList section */
		16439B9B262A0F68005BF5EC /* Build configuration list for PBXProject "MStoreClone" */ = {
			isa = XCConfigurationList;
			buildConfigurations = (
				16439BCB262A0F6B005BF5EC /* Debug */,
				16439BCC262A0F6B005BF5EC /* Release */,
			);
			defaultConfigurationIsVisible = 0;
			defaultConfigurationName = Release;
		};
		16439BCD262A0F6B005BF5EC /* Build configuration list for PBXNativeTarget "MStoreClone" */ = {
			isa = XCConfigurationList;
			buildConfigurations = (
				16439BCE262A0F6B005BF5EC /* Debug */,
				16439BCF262A0F6B005BF5EC /* Release */,
			);
			defaultConfigurationIsVisible = 0;
			defaultConfigurationName = Release;
		};
		16439BD0262A0F6B005BF5EC /* Build configuration list for PBXNativeTarget "MStoreCloneTests" */ = {
			isa = XCConfigurationList;
			buildConfigurations = (
				16439BD1262A0F6B005BF5EC /* Debug */,
				16439BD2262A0F6B005BF5EC /* Release */,
			);
			defaultConfigurationIsVisible = 0;
			defaultConfigurationName = Release;
		};
		16439BD3262A0F6B005BF5EC /* Build configuration list for PBXNativeTarget "MStoreCloneUITests" */ = {
			isa = XCConfigurationList;
			buildConfigurations = (
				16439BD4262A0F6B005BF5EC /* Debug */,
				16439BD5262A0F6B005BF5EC /* Release */,
			);
			defaultConfigurationIsVisible = 0;
			defaultConfigurationName = Release;
		};
/* End XCConfigurationList section */

/* Begin XCVersionGroup section */
		16439BAC262A0F68005BF5EC /* MStoreClone.xcdatamodeld */ = {
			isa = XCVersionGroup;
			children = (
				16439BAD262A0F68005BF5EC /* MStoreClone.xcdatamodel */,
			);
			currentVersion = 16439BAD262A0F68005BF5EC /* MStoreClone.xcdatamodel */;
			path = MStoreClone.xcdatamodeld;
			sourceTree = "<group>";
			versionGroupType = wrapper.xcdatamodel;
		};
/* End XCVersionGroup section */
	};
	rootObject = 16439B98262A0F68005BF5EC /* Project object */;
}
